
Microsoft Visual Studio Solution File, Format Version 12.00
# Visual Studio 2013
VisualStudioVersion = 12.0.21005.1
MinimumVisualStudioVersion = 10.0.40219.1
Project("{888888A0-9F3D-457C-B088-3A5042F75D52}") = "Proyecto 1.1", "Proyecto 1.1.pyproj", "{D980FE03-6059-411B-ABBF-785CBFF78F82}"
EndProject
Global
	GlobalSection(SolutionConfigurationPlatforms) = preSolution
		Debug|Any CPU = Debug|Any CPU
		Release|Any CPU = Release|Any CPU
	EndGlobalSection
	GlobalSection(ProjectConfigurationPlatforms) = postSolution
		{D980FE03-6059-411B-ABBF-785CBFF78F82}.Debug|Any CPU.ActiveCfg = Debug|Any CPU
		{D980FE03-6059-411B-ABBF-785CBFF78F82}.Debug|Any CPU.Build.0 = Debug|Any CPU
		{D980FE03-6059-411B-ABBF-785CBFF78F82}.Release|Any CPU.ActiveCfg = Release|Any CPU
		{D980FE03-6059-411B-ABBF-785CBFF78F82}.Release|Any CPU.Build.0 = Release|Any CPU
	EndGlobalSection
	GlobalSection(SolutionProperties) = preSolution
		HideSolutionNode = FALSE
	EndGlobalSection
EndGlobal
